
Microsoft Visual Studio Solution File, Format Version 12.00
# Visual Studio 15
VisualStudioVersion = 15.0.28307.421
MinimumVisualStudioVersion = 10.0.40219.1
Project("{FAE04EC0-301F-11D3-BF4B-00C04F79EFBC}") = "UserStack", "UserStack\UserStack.csproj", "{9243617A-6700-4484-BDBC-632AC99A45F9}"
EndProject
Global
	GlobalSection(SolutionConfigurationPlatforms) = preSolution
		Debug|Any CPU = Debug|Any CPU
		Release|Any CPU = Release|Any CPU
	EndGlobalSection
	GlobalSection(ProjectConfigurationPlatforms) = postSolution
		{9243617A-6700-4484-BDBC-632AC99A45F9}.Debug|Any CPU.ActiveCfg = Debug|Any CPU
		{9243617A-6700-4484-BDBC-632AC99A45F9}.Debug|Any CPU.Build.0 = Debug|Any CPU
		{9243617A-6700-4484-BDBC-632AC99A45F9}.Release|Any CPU.ActiveCfg = Release|Any CPU
		{9243617A-6700-4484-BDBC-632AC99A45F9}.Release|Any CPU.Build.0 = Release|Any CPU
	EndGlobalSection
	GlobalSection(SolutionProperties) = preSolution
		HideSolutionNode = FALSE
	EndGlobalSection
	GlobalSection(ExtensibilityGlobals) = postSolution
		SolutionGuid = {A12E56AC-E1E8-4937-B084-DDC43B2059C4}
	EndGlobalSection
EndGlobal
